
Microsoft Visual Studio Solution File, Format Version 12.00
# Visual Studio Version 16
VisualStudioVersion = 16.0.37206.5
MinimumVisualStudioVersion = 10.0.40219.1
Project("{FAE04EC0-301F-11D3-BF4B-00C04F79EFBC}") = "Martsinovsky1", "Martsinovsky1\Martsinovsky1.csproj", "{3B80588E-EDF0-46CE-8215-ACC5C1840250}"
EndProject
Global
	GlobalSection(SolutionConfigurationPlatforms) = preSolution
		Debug|Any CPU = Debug|Any CPU
		Release|Any CPU = Release|Any CPU
	EndGlobalSection
	GlobalSection(ProjectConfigurationPlatforms) = postSolution
		{3B80588E-EDF0-46CE-8215-ACC5C1840250}.Debug|Any CPU.ActiveCfg = Debug|Any CPU
		{3B80588E-EDF0-46CE-8215-ACC5C1840250}.Debug|Any CPU.Build.0 = Debug|Any CPU
		{3B80588E-EDF0-46CE-8215-ACC5C1840250}.Release|Any CPU.ActiveCfg = Release|Any CPU
		{3B80588E-EDF0-46CE-8215-ACC5C1840250}.Release|Any CPU.Build.0 = Release|Any CPU
	EndGlobalSection
	GlobalSection(SolutionProperties) = preSolution
		HideSolutionNode = FALSE
	EndGlobalSection
	GlobalSection(ExtensibilityGlobals) = postSolution
		SolutionGuid = {0956F11F-DE18-407D-A0A8-023B2A970BB3}
	EndGlobalSection
EndGlobal
